// !$*UTF8*$!
{
	archiveVersion = 1;
	classes = {
	};
	objectVersion = 50;
	objects = {

/* Begin PBXBuildFile section */
		46453D7623DF60390077EA84 /* AppDelegate.swift in Sources */ = {isa = PBXBuildFile; fileRef = 46453D7523DF60390077EA84 /* AppDelegate.swift */; };
		46453D7823DF60390077EA84 /* SceneDelegate.swift in Sources */ = {isa = PBXBuildFile; fileRef = 46453D7723DF60390077EA84 /* SceneDelegate.swift */; };
		46453D7F23DF603B0077EA84 /* Assets.xcassets in Resources */ = {isa = PBXBuildFile; fileRef = 46453D7E23DF603B0077EA84 /* Assets.xcassets */; };
		46453D8223DF603B0077EA84 /* LaunchScreen.storyboard in Resources */ = {isa = PBXBuildFile; fileRef = 46453D8023DF603B0077EA84 /* LaunchScreen.storyboard */; };
		46453D8D23DF603B0077EA84 /* norris_factsTests.swift in Sources */ = {isa = PBXBuildFile; fileRef = 46453D8C23DF603B0077EA84 /* norris_factsTests.swift */; };
		46453D9823DF603B0077EA84 /* norris_factsUITests.swift in Sources */ = {isa = PBXBuildFile; fileRef = 46453D9723DF603B0077EA84 /* norris_factsUITests.swift */; };
		46453DB723DF6C900077EA84 /* Fact.swift in Sources */ = {isa = PBXBuildFile; fileRef = 46453DB623DF6C900077EA84 /* Fact.swift */; };
		46453DB923DF6CAF0077EA84 /* FactsGateway.swift in Sources */ = {isa = PBXBuildFile; fileRef = 46453DB823DF6CAF0077EA84 /* FactsGateway.swift */; };
		46453DBB23DF6CCF0077EA84 /* DisplayFacts.swift in Sources */ = {isa = PBXBuildFile; fileRef = 46453DBA23DF6CCF0077EA84 /* DisplayFacts.swift */; };
		46453DBE23DF74EC0077EA84 /* ApiFact.swift in Sources */ = {isa = PBXBuildFile; fileRef = 46453DBD23DF74EC0077EA84 /* ApiFact.swift */; };
		46453DC023DF762C0077EA84 /* ApiFactsGateway.swift in Sources */ = {isa = PBXBuildFile; fileRef = 46453DBF23DF762C0077EA84 /* ApiFactsGateway.swift */; };
		46453DC223DF76D50077EA84 /* ApiResponse.swift in Sources */ = {isa = PBXBuildFile; fileRef = 46453DC123DF76D50077EA84 /* ApiResponse.swift */; };
		46453DC623DF76EE0077EA84 /* ApiClient.swift in Sources */ = {isa = PBXBuildFile; fileRef = 46453DC523DF76EE0077EA84 /* ApiClient.swift */; };
		46453DC823DF77350077EA84 /* Dictionary.swift in Sources */ = {isa = PBXBuildFile; fileRef = 46453DC723DF77350077EA84 /* Dictionary.swift */; };
		46453DCA23DF773C0077EA84 /* Array.swift in Sources */ = {isa = PBXBuildFile; fileRef = 46453DC923DF773C0077EA84 /* Array.swift */; };
		46453DCC23DF78400077EA84 /* FactsApiRequest.swift in Sources */ = {isa = PBXBuildFile; fileRef = 46453DCB23DF78400077EA84 /* FactsApiRequest.swift */; };
		46453DCE23DF7B300077EA84 /* Result.swift in Sources */ = {isa = PBXBuildFile; fileRef = 46453DCD23DF7B300077EA84 /* Result.swift */; };
		46453DD323DF7DED0077EA84 /* FactsListTableViewController.swift in Sources */ = {isa = PBXBuildFile; fileRef = 46453DD123DF7DED0077EA84 /* FactsListTableViewController.swift */; };
		46453DD423DF7DED0077EA84 /* FactsListTableViewController.xib in Resources */ = {isa = PBXBuildFile; fileRef = 46453DD223DF7DED0077EA84 /* FactsListTableViewController.xib */; };
		46453DD623E06D7A0077EA84 /* FactsListPresenter.swift in Sources */ = {isa = PBXBuildFile; fileRef = 46453DD523E06D7A0077EA84 /* FactsListPresenter.swift */; };
		46453DD823E06DA50077EA84 /* FactsListConfigurator.swift in Sources */ = {isa = PBXBuildFile; fileRef = 46453DD723E06DA50077EA84 /* FactsListConfigurator.swift */; };
		46453DDA23E06DAF0077EA84 /* FactsListRouter.swift in Sources */ = {isa = PBXBuildFile; fileRef = 46453DD923E06DAF0077EA84 /* FactsListRouter.swift */; };
		46453DDD23E06DD30077EA84 /* FactsSearchViewController.swift in Sources */ = {isa = PBXBuildFile; fileRef = 46453DDB23E06DD30077EA84 /* FactsSearchViewController.swift */; };
		46453DDE23E06DD30077EA84 /* FactsSearchViewController.xib in Resources */ = {isa = PBXBuildFile; fileRef = 46453DDC23E06DD30077EA84 /* FactsSearchViewController.xib */; };
		46453DE023E06DE60077EA84 /* FactsSearchPresenter.swift in Sources */ = {isa = PBXBuildFile; fileRef = 46453DDF23E06DE60077EA84 /* FactsSearchPresenter.swift */; };
		46453DE223E06DFA0077EA84 /* FactsSearchRouter.swift in Sources */ = {isa = PBXBuildFile; fileRef = 46453DE123E06DFA0077EA84 /* FactsSearchRouter.swift */; };
		46453DE423E06E060077EA84 /* FactsSearchConfigurator.swift in Sources */ = {isa = PBXBuildFile; fileRef = 46453DE323E06E060077EA84 /* FactsSearchConfigurator.swift */; };
		4659403423E35D14007E7B88 /* FactItemTableViewCell.swift in Sources */ = {isa = PBXBuildFile; fileRef = 4659403223E35D14007E7B88 /* FactItemTableViewCell.swift */; };
		4659403523E35D14007E7B88 /* FactItemTableViewCell.xib in Resources */ = {isa = PBXBuildFile; fileRef = 4659403323E35D14007E7B88 /* FactItemTableViewCell.xib */; };
		466585F02416845700374894 /* ApiFactsGatewayCoreData.swift in Sources */ = {isa = PBXBuildFile; fileRef = 466585EF2416845700374894 /* ApiFactsGatewayCoreData.swift */; };
		46A769A123EB3C6600167F73 /* CoreTests.swift in Sources */ = {isa = PBXBuildFile; fileRef = 46A769A023EB3C6600167F73 /* CoreTests.swift */; };
		46A769A323EB4A1D00167F73 /* ApiFactResponse.swift in Sources */ = {isa = PBXBuildFile; fileRef = 46A769A223EB4A1D00167F73 /* ApiFactResponse.swift */; };
		46A769A523EB508D00167F73 /* ProviderTests.swift in Sources */ = {isa = PBXBuildFile; fileRef = 46A769A423EB508D00167F73 /* ProviderTests.swift */; };
		46A769A823EB573100167F73 /* ExtensionsTests.swift in Sources */ = {isa = PBXBuildFile; fileRef = 46A769A723EB573100167F73 /* ExtensionsTests.swift */; };
		46A7E22923EC37F20064AC3A /* FactsListTests.swift in Sources */ = {isa = PBXBuildFile; fileRef = 46A7E22823EC37F20064AC3A /* FactsListTests.swift */; };
		46A7E22D23EC50BC0064AC3A /* PastSearchesTableView.swift in Sources */ = {isa = PBXBuildFile; fileRef = 46A7E22C23EC50BC0064AC3A /* PastSearchesTableView.swift */; };
		46A7E22F23EC50D10064AC3A /* SuggestionsCollectionView.swift in Sources */ = {isa = PBXBuildFile; fileRef = 46A7E22E23EC50D10064AC3A /* SuggestionsCollectionView.swift */; };
		46A7E23423EC53330064AC3A /* SuggestionCollectionViewCell.swift in Sources */ = {isa = PBXBuildFile; fileRef = 46A7E23223EC53320064AC3A /* SuggestionCollectionViewCell.swift */; };
		46A7E23523EC53330064AC3A /* SuggestionCollectionViewCell.xib in Resources */ = {isa = PBXBuildFile; fileRef = 46A7E23323EC53320064AC3A /* SuggestionCollectionViewCell.xib */; };
		46A7E23823EC53CB0064AC3A /* PastSearchTableViewCell.swift in Sources */ = {isa = PBXBuildFile; fileRef = 46A7E23623EC53CB0064AC3A /* PastSearchTableViewCell.swift */; };
		46A7E23923EC53CB0064AC3A /* PastSearchTableViewCell.xib in Resources */ = {isa = PBXBuildFile; fileRef = 46A7E23723EC53CB0064AC3A /* PastSearchTableViewCell.xib */; };
		46A814682412EE370060B3C0 /* norrisFactsModel.xcdatamodeld in Sources */ = {isa = PBXBuildFile; fileRef = 46A814662412EE370060B3C0 /* norrisFactsModel.xcdatamodeld */; };
/* End PBXBuildFile section */

/* Begin PBXContainerItemProxy section */
		46453D8923DF603B0077EA84 /* PBXContainerItemProxy */ = {
			isa = PBXContainerItemProxy;
			containerPortal = 46453D6A23DF60390077EA84 /* Project object */;
			proxyType = 1;
			remoteGlobalIDString = 46453D7123DF60390077EA84;
			remoteInfo = "norris-facts";
		};
		46453D9423DF603B0077EA84 /* PBXContainerItemProxy */ = {
			isa = PBXContainerItemProxy;
			containerPortal = 46453D6A23DF60390077EA84 /* Project object */;
			proxyType = 1;
			remoteGlobalIDString = 46453D7123DF60390077EA84;
			remoteInfo = "norris-facts";
		};
/* End PBXContainerItemProxy section */

/* Begin PBXFileReference section */
		46453D7223DF60390077EA84 /* norris-facts.app */ = {isa = PBXFileReference; explicitFileType = wrapper.application; includeInIndex = 0; path = "norris-facts.app"; sourceTree = BUILT_PRODUCTS_DIR; };
		46453D7523DF60390077EA84 /* AppDelegate.swift */ = {isa = PBXFileReference; lastKnownFileType = sourcecode.swift; path = AppDelegate.swift; sourceTree = "<group>"; };
		46453D7723DF60390077EA84 /* SceneDelegate.swift */ = {isa = PBXFileReference; lastKnownFileType = sourcecode.swift; path = SceneDelegate.swift; sourceTree = "<group>"; };
		46453D7E23DF603B0077EA84 /* Assets.xcassets */ = {isa = PBXFileReference; lastKnownFileType = folder.assetcatalog; path = Assets.xcassets; sourceTree = "<group>"; };
		46453D8123DF603B0077EA84 /* Base */ = {isa = PBXFileReference; lastKnownFileType = file.storyboard; name = Base; path = Base.lproj/LaunchScreen.storyboard; sourceTree = "<group>"; };
		46453D8323DF603B0077EA84 /* Info.plist */ = {isa = PBXFileReference; lastKnownFileType = text.plist.xml; path = Info.plist; sourceTree = "<group>"; };
		46453D8823DF603B0077EA84 /* norris-factsTests.xctest */ = {isa = PBXFileReference; explicitFileType = wrapper.cfbundle; includeInIndex = 0; path = "norris-factsTests.xctest"; sourceTree = BUILT_PRODUCTS_DIR; };
		46453D8C23DF603B0077EA84 /* norris_factsTests.swift */ = {isa = PBXFileReference; lastKnownFileType = sourcecode.swift; path = norris_factsTests.swift; sourceTree = "<group>"; };
		46453D8E23DF603B0077EA84 /* Info.plist */ = {isa = PBXFileReference; lastKnownFileType = text.plist.xml; path = Info.plist; sourceTree = "<group>"; };
		46453D9323DF603B0077EA84 /* norris-factsUITests.xctest */ = {isa = PBXFileReference; explicitFileType = wrapper.cfbundle; includeInIndex = 0; path = "norris-factsUITests.xctest"; sourceTree = BUILT_PRODUCTS_DIR; };
		46453D9723DF603B0077EA84 /* norris_factsUITests.swift */ = {isa = PBXFileReference; lastKnownFileType = sourcecode.swift; path = norris_factsUITests.swift; sourceTree = "<group>"; };
		46453D9923DF603B0077EA84 /* Info.plist */ = {isa = PBXFileReference; lastKnownFileType = text.plist.xml; path = Info.plist; sourceTree = "<group>"; };
		46453DB623DF6C900077EA84 /* Fact.swift */ = {isa = PBXFileReference; lastKnownFileType = sourcecode.swift; path = Fact.swift; sourceTree = "<group>"; };
		46453DB823DF6CAF0077EA84 /* FactsGateway.swift */ = {isa = PBXFileReference; lastKnownFileType = sourcecode.swift; path = FactsGateway.swift; sourceTree = "<group>"; };
		46453DBA23DF6CCF0077EA84 /* DisplayFacts.swift */ = {isa = PBXFileReference; lastKnownFileType = sourcecode.swift; path = DisplayFacts.swift; sourceTree = "<group>"; };
		46453DBD23DF74EC0077EA84 /* ApiFact.swift */ = {isa = PBXFileReference; lastKnownFileType = sourcecode.swift; path = ApiFact.swift; sourceTree = "<group>"; };
		46453DBF23DF762C0077EA84 /* ApiFactsGateway.swift */ = {isa = PBXFileReference; lastKnownFileType = sourcecode.swift; path = ApiFactsGateway.swift; sourceTree = "<group>"; };
		46453DC123DF76D50077EA84 /* ApiResponse.swift */ = {isa = PBXFileReference; lastKnownFileType = sourcecode.swift; path = ApiResponse.swift; sourceTree = "<group>"; };
		46453DC523DF76EE0077EA84 /* ApiClient.swift */ = {isa = PBXFileReference; lastKnownFileType = sourcecode.swift; path = ApiClient.swift; sourceTree = "<group>"; };
		46453DC723DF77350077EA84 /* Dictionary.swift */ = {isa = PBXFileReference; lastKnownFileType = sourcecode.swift; path = Dictionary.swift; sourceTree = "<group>"; };
		46453DC923DF773C0077EA84 /* Array.swift */ = {isa = PBXFileReference; lastKnownFileType = sourcecode.swift; path = Array.swift; sourceTree = "<group>"; };
		46453DCB23DF78400077EA84 /* FactsApiRequest.swift */ = {isa = PBXFileReference; lastKnownFileType = sourcecode.swift; path = FactsApiRequest.swift; sourceTree = "<group>"; };
		46453DCD23DF7B300077EA84 /* Result.swift */ = {isa = PBXFileReference; lastKnownFileType = sourcecode.swift; path = Result.swift; sourceTree = "<group>"; };
		46453DD123DF7DED0077EA84 /* FactsListTableViewController.swift */ = {isa = PBXFileReference; lastKnownFileType = sourcecode.swift; path = FactsListTableViewController.swift; sourceTree = "<group>"; };
		46453DD223DF7DED0077EA84 /* FactsListTableViewController.xib */ = {isa = PBXFileReference; lastKnownFileType = file.xib; path = FactsListTableViewController.xib; sourceTree = "<group>"; };
		46453DD523E06D7A0077EA84 /* FactsListPresenter.swift */ = {isa = PBXFileReference; lastKnownFileType = sourcecode.swift; path = FactsListPresenter.swift; sourceTree = "<group>"; };
		46453DD723E06DA50077EA84 /* FactsListConfigurator.swift */ = {isa = PBXFileReference; lastKnownFileType = sourcecode.swift; path = FactsListConfigurator.swift; sourceTree = "<group>"; };
		46453DD923E06DAF0077EA84 /* FactsListRouter.swift */ = {isa = PBXFileReference; lastKnownFileType = sourcecode.swift; path = FactsListRouter.swift; sourceTree = "<group>"; };
		46453DDB23E06DD30077EA84 /* FactsSearchViewController.swift */ = {isa = PBXFileReference; lastKnownFileType = sourcecode.swift; path = FactsSearchViewController.swift; sourceTree = "<group>"; };
		46453DDC23E06DD30077EA84 /* FactsSearchViewController.xib */ = {isa = PBXFileReference; lastKnownFileType = file.xib; path = FactsSearchViewController.xib; sourceTree = "<group>"; };
		46453DDF23E06DE60077EA84 /* FactsSearchPresenter.swift */ = {isa = PBXFileReference; lastKnownFileType = sourcecode.swift; path = FactsSearchPresenter.swift; sourceTree = "<group>"; };
		46453DE123E06DFA0077EA84 /* FactsSearchRouter.swift */ = {isa = PBXFileReference; lastKnownFileType = sourcecode.swift; path = FactsSearchRouter.swift; sourceTree = "<group>"; };
		46453DE323E06E060077EA84 /* FactsSearchConfigurator.swift */ = {isa = PBXFileReference; lastKnownFileType = sourcecode.swift; path = FactsSearchConfigurator.swift; sourceTree = "<group>"; };
		4659403223E35D14007E7B88 /* FactItemTableViewCell.swift */ = {isa = PBXFileReference; lastKnownFileType = sourcecode.swift; path = FactItemTableViewCell.swift; sourceTree = "<group>"; };
		4659403323E35D14007E7B88 /* FactItemTableViewCell.xib */ = {isa = PBXFileReference; lastKnownFileType = file.xib; path = FactItemTableViewCell.xib; sourceTree = "<group>"; };
		466585EF2416845700374894 /* ApiFactsGatewayCoreData.swift */ = {isa = PBXFileReference; lastKnownFileType = sourcecode.swift; path = ApiFactsGatewayCoreData.swift; sourceTree = "<group>"; };
		46A769A023EB3C6600167F73 /* CoreTests.swift */ = {isa = PBXFileReference; lastKnownFileType = sourcecode.swift; path = CoreTests.swift; sourceTree = "<group>"; };
		46A769A223EB4A1D00167F73 /* ApiFactResponse.swift */ = {isa = PBXFileReference; lastKnownFileType = sourcecode.swift; path = ApiFactResponse.swift; sourceTree = "<group>"; };
		46A769A423EB508D00167F73 /* ProviderTests.swift */ = {isa = PBXFileReference; lastKnownFileType = sourcecode.swift; path = ProviderTests.swift; sourceTree = "<group>"; };
		46A769A723EB573100167F73 /* ExtensionsTests.swift */ = {isa = PBXFileReference; lastKnownFileType = sourcecode.swift; path = ExtensionsTests.swift; sourceTree = "<group>"; };
		46A7E22823EC37F20064AC3A /* FactsListTests.swift */ = {isa = PBXFileReference; lastKnownFileType = sourcecode.swift; path = FactsListTests.swift; sourceTree = "<group>"; };
		46A7E22C23EC50BC0064AC3A /* PastSearchesTableView.swift */ = {isa = PBXFileReference; lastKnownFileType = sourcecode.swift; path = PastSearchesTableView.swift; sourceTree = "<group>"; };
		46A7E22E23EC50D10064AC3A /* SuggestionsCollectionView.swift */ = {isa = PBXFileReference; lastKnownFileType = sourcecode.swift; path = SuggestionsCollectionView.swift; sourceTree = "<group>"; };
		46A7E23223EC53320064AC3A /* SuggestionCollectionViewCell.swift */ = {isa = PBXFileReference; lastKnownFileType = sourcecode.swift; path = SuggestionCollectionViewCell.swift; sourceTree = "<group>"; };
		46A7E23323EC53320064AC3A /* SuggestionCollectionViewCell.xib */ = {isa = PBXFileReference; lastKnownFileType = file.xib; path = SuggestionCollectionViewCell.xib; sourceTree = "<group>"; };
		46A7E23623EC53CB0064AC3A /* PastSearchTableViewCell.swift */ = {isa = PBXFileReference; lastKnownFileType = sourcecode.swift; path = PastSearchTableViewCell.swift; sourceTree = "<group>"; };
		46A7E23723EC53CB0064AC3A /* PastSearchTableViewCell.xib */ = {isa = PBXFileReference; lastKnownFileType = file.xib; path = PastSearchTableViewCell.xib; sourceTree = "<group>"; };
		46A814672412EE370060B3C0 /* norrisFactsModel.xcdatamodel */ = {isa = PBXFileReference; lastKnownFileType = wrapper.xcdatamodel; path = norrisFactsModel.xcdatamodel; sourceTree = "<group>"; };
/* End PBXFileReference section */

/* Begin PBXFrameworksBuildPhase section */
		46453D6F23DF60390077EA84 /* Frameworks */ = {
			isa = PBXFrameworksBuildPhase;
			buildActionMask = 2147483647;
			files = (
			);
			runOnlyForDeploymentPostprocessing = 0;
		};
		46453D8523DF603B0077EA84 /* Frameworks */ = {
			isa = PBXFrameworksBuildPhase;
			buildActionMask = 2147483647;
			files = (
			);
			runOnlyForDeploymentPostprocessing = 0;
		};
		46453D9023DF603B0077EA84 /* Frameworks */ = {
			isa = PBXFrameworksBuildPhase;
			buildActionMask = 2147483647;
			files = (
			);
			runOnlyForDeploymentPostprocessing = 0;
		};
/* End PBXFrameworksBuildPhase section */

/* Begin PBXGroup section */
		46453D6923DF60390077EA84 = {
			isa = PBXGroup;
			children = (
				46453D7423DF60390077EA84 /* norris-facts */,
				46453D8B23DF603B0077EA84 /* norris-factsTests */,
				46453D9623DF603B0077EA84 /* norris-factsUITests */,
				46453D7323DF60390077EA84 /* Products */,
			);
			sourceTree = "<group>";
		};
		46453D7323DF60390077EA84 /* Products */ = {
			isa = PBXGroup;
			children = (
				46453D7223DF60390077EA84 /* norris-facts.app */,
				46453D8823DF603B0077EA84 /* norris-factsTests.xctest */,
				46453D9323DF603B0077EA84 /* norris-factsUITests.xctest */,
			);
			name = Products;
			sourceTree = "<group>";
		};
		46453D7423DF60390077EA84 /* norris-facts */ = {
			isa = PBXGroup;
			children = (
				46453DAB23DF63870077EA84 /* Core */,
				46453DAF23DF6BBD0077EA84 /* Provider */,
				46453DB323DF6C070077EA84 /* Other */,
				46453DB523DF6C190077EA84 /* Scenes */,
				46453D7523DF60390077EA84 /* AppDelegate.swift */,
				46453D7723DF60390077EA84 /* SceneDelegate.swift */,
				46453D7E23DF603B0077EA84 /* Assets.xcassets */,
				46453D8023DF603B0077EA84 /* LaunchScreen.storyboard */,
				46453D8323DF603B0077EA84 /* Info.plist */,
				46453DCD23DF7B300077EA84 /* Result.swift */,
			);
			path = "norris-facts";
			sourceTree = "<group>";
		};
		46453D8B23DF603B0077EA84 /* norris-factsTests */ = {
			isa = PBXGroup;
			children = (
				46A7E22623EC37D70064AC3A /* Scenes */,
				46A769A623EB571A00167F73 /* ExtensionTests */,
				46A7699E23EA053B00167F73 /* CoreTests */,
				46A7699F23EA054600167F73 /* ProviderTests */,
				46453D8C23DF603B0077EA84 /* norris_factsTests.swift */,
				46453D8E23DF603B0077EA84 /* Info.plist */,
			);
			path = "norris-factsTests";
			sourceTree = "<group>";
		};
		46453D9623DF603B0077EA84 /* norris-factsUITests */ = {
			isa = PBXGroup;
			children = (
				46453D9723DF603B0077EA84 /* norris_factsUITests.swift */,
				46453D9923DF603B0077EA84 /* Info.plist */,
			);
			path = "norris-factsUITests";
			sourceTree = "<group>";
		};
		46453DAB23DF63870077EA84 /* Core */ = {
			isa = PBXGroup;
			children = (
				46A814652412EDF40060B3C0 /* LocalStorage */,
				46453DAC23DF6B620077EA84 /* Entities */,
				46453DAD23DF6B6B0077EA84 /* Gateways */,
				46453DAE23DF6B720077EA84 /* UseCases */,
			);
			path = Core;
			sourceTree = "<group>";
		};
		46453DAC23DF6B620077EA84 /* Entities */ = {
			isa = PBXGroup;
			children = (
				46453DB623DF6C900077EA84 /* Fact.swift */,
			);
			path = Entities;
			sourceTree = "<group>";
		};
		46453DAD23DF6B6B0077EA84 /* Gateways */ = {
			isa = PBXGroup;
			children = (
				46453DB823DF6CAF0077EA84 /* FactsGateway.swift */,
			);
			path = Gateways;
			sourceTree = "<group>";
		};
		46453DAE23DF6B720077EA84 /* UseCases */ = {
			isa = PBXGroup;
			children = (
				46453DBA23DF6CCF0077EA84 /* DisplayFacts.swift */,
			);
			path = UseCases;
			sourceTree = "<group>";
		};
		46453DAF23DF6BBD0077EA84 /* Provider */ = {
			isa = PBXGroup;
			children = (
				46453DBC23DF74BA0077EA84 /* API */,
			);
			path = Provider;
			sourceTree = "<group>";
		};
		46453DB023DF6BDD0077EA84 /* Entities */ = {
			isa = PBXGroup;
			children = (
				46453DBD23DF74EC0077EA84 /* ApiFact.swift */,
				46A769A223EB4A1D00167F73 /* ApiFactResponse.swift */,
			);
			path = Entities;
			sourceTree = "<group>";
		};
		46453DB123DF6BE30077EA84 /* Gateways */ = {
			isa = PBXGroup;
			children = (
				46453DBF23DF762C0077EA84 /* ApiFactsGateway.swift */,
				466585EF2416845700374894 /* ApiFactsGatewayCoreData.swift */,
			);
			path = Gateways;
			sourceTree = "<group>";
		};
		46453DB223DF6BED0077EA84 /* Requests */ = {
			isa = PBXGroup;
			children = (
				46453DCB23DF78400077EA84 /* FactsApiRequest.swift */,
			);
			path = Requests;
			sourceTree = "<group>";
		};
		46453DB323DF6C070077EA84 /* Other */ = {
			isa = PBXGroup;
			children = (
				46453DB423DF6C0D0077EA84 /* Extensions */,
			);
			path = Other;
			sourceTree = "<group>";
		};
		46453DB423DF6C0D0077EA84 /* Extensions */ = {
			isa = PBXGroup;
			children = (
				46453DC723DF77350077EA84 /* Dictionary.swift */,
				46453DC923DF773C0077EA84 /* Array.swift */,
			);
			path = Extensions;
			sourceTree = "<group>";
		};
		46453DB523DF6C190077EA84 /* Scenes */ = {
			isa = PBXGroup;
			children = (
				46453DCF23DF7D280077EA84 /* FactsList */,
				46453DD023DF7D400077EA84 /* FactsSearch */,
			);
			path = Scenes;
			sourceTree = "<group>";
		};
		46453DBC23DF74BA0077EA84 /* API */ = {
			isa = PBXGroup;
			children = (
				46453DB023DF6BDD0077EA84 /* Entities */,
				46453DB123DF6BE30077EA84 /* Gateways */,
				46453DB223DF6BED0077EA84 /* Requests */,
				46453DC523DF76EE0077EA84 /* ApiClient.swift */,
				46453DC123DF76D50077EA84 /* ApiResponse.swift */,
			);
			path = API;
			sourceTree = "<group>";
		};
		46453DCF23DF7D280077EA84 /* FactsList */ = {
			isa = PBXGroup;
			children = (
				4659403123E35CCF007E7B88 /* Cells */,
				46453DD123DF7DED0077EA84 /* FactsListTableViewController.swift */,
				46453DD223DF7DED0077EA84 /* FactsListTableViewController.xib */,
				46453DD523E06D7A0077EA84 /* FactsListPresenter.swift */,
				46453DD723E06DA50077EA84 /* FactsListConfigurator.swift */,
				46453DD923E06DAF0077EA84 /* FactsListRouter.swift */,
			);
			path = FactsList;
			sourceTree = "<group>";
		};
		46453DD023DF7D400077EA84 /* FactsSearch */ = {
			isa = PBXGroup;
			children = (
				46A7E22B23EC50950064AC3A /* CollectionView */,
				46A7E22A23EC50860064AC3A /* TableView */,
				46453DDB23E06DD30077EA84 /* FactsSearchViewController.swift */,
				46453DDC23E06DD30077EA84 /* FactsSearchViewController.xib */,
				46453DDF23E06DE60077EA84 /* FactsSearchPresenter.swift */,
				46453DE123E06DFA0077EA84 /* FactsSearchRouter.swift */,
				46453DE323E06E060077EA84 /* FactsSearchConfigurator.swift */,
			);
			path = FactsSearch;
			sourceTree = "<group>";
		};
		4659403123E35CCF007E7B88 /* Cells */ = {
			isa = PBXGroup;
			children = (
				4659403223E35D14007E7B88 /* FactItemTableViewCell.swift */,
				4659403323E35D14007E7B88 /* FactItemTableViewCell.xib */,
			);
			path = Cells;
			sourceTree = "<group>";
		};
		46A7699E23EA053B00167F73 /* CoreTests */ = {
			isa = PBXGroup;
			children = (
				46A769A023EB3C6600167F73 /* CoreTests.swift */,
			);
			path = CoreTests;
			sourceTree = "<group>";
		};
		46A7699F23EA054600167F73 /* ProviderTests */ = {
			isa = PBXGroup;
			children = (
				46A769A423EB508D00167F73 /* ProviderTests.swift */,
			);
			path = ProviderTests;
			sourceTree = "<group>";
		};
		46A769A623EB571A00167F73 /* ExtensionTests */ = {
			isa = PBXGroup;
			children = (
				46A769A723EB573100167F73 /* ExtensionsTests.swift */,
			);
			path = ExtensionTests;
			sourceTree = "<group>";
		};
		46A7E22623EC37D70064AC3A /* Scenes */ = {
			isa = PBXGroup;
			children = (
				46A7E22723EC37E10064AC3A /* FactsList */,
			);
			path = Scenes;
			sourceTree = "<group>";
		};
		46A7E22723EC37E10064AC3A /* FactsList */ = {
			isa = PBXGroup;
			children = (
				46A7E22823EC37F20064AC3A /* FactsListTests.swift */,
			);
			path = FactsList;
			sourceTree = "<group>";
		};
		46A7E22A23EC50860064AC3A /* TableView */ = {
			isa = PBXGroup;
			children = (
				46A7E23123EC51590064AC3A /* Cells */,
				46A7E22C23EC50BC0064AC3A /* PastSearchesTableView.swift */,
			);
			path = TableView;
			sourceTree = "<group>";
		};
		46A7E22B23EC50950064AC3A /* CollectionView */ = {
			isa = PBXGroup;
			children = (
				46A7E23023EC51530064AC3A /* Cells */,
				46A7E22E23EC50D10064AC3A /* SuggestionsCollectionView.swift */,
			);
			path = CollectionView;
			sourceTree = "<group>";
		};
		46A7E23023EC51530064AC3A /* Cells */ = {
			isa = PBXGroup;
			children = (
				46A7E23223EC53320064AC3A /* SuggestionCollectionViewCell.swift */,
				46A7E23323EC53320064AC3A /* SuggestionCollectionViewCell.xib */,
			);
			path = Cells;
			sourceTree = "<group>";
		};
		46A7E23123EC51590064AC3A /* Cells */ = {
			isa = PBXGroup;
			children = (
				46A7E23623EC53CB0064AC3A /* PastSearchTableViewCell.swift */,
				46A7E23723EC53CB0064AC3A /* PastSearchTableViewCell.xib */,
			);
			path = Cells;
			sourceTree = "<group>";
		};
		46A814652412EDF40060B3C0 /* LocalStorage */ = {
			isa = PBXGroup;
			children = (
				46A814662412EE370060B3C0 /* norrisFactsModel.xcdatamodeld */,
			);
			path = LocalStorage;
			sourceTree = "<group>";
		};
/* End PBXGroup section */

/* Begin PBXNativeTarget section */
		46453D7123DF60390077EA84 /* norris-facts */ = {
			isa = PBXNativeTarget;
			buildConfigurationList = 46453D9C23DF603B0077EA84 /* Build configuration list for PBXNativeTarget "norris-facts" */;
			buildPhases = (
				46453D6E23DF60390077EA84 /* Sources */,
				46453D6F23DF60390077EA84 /* Frameworks */,
				46453D7023DF60390077EA84 /* Resources */,
			);
			buildRules = (
			);
			dependencies = (
			);
			name = "norris-facts";
			productName = "norris-facts";
			productReference = 46453D7223DF60390077EA84 /* norris-facts.app */;
			productType = "com.apple.product-type.application";
		};
		46453D8723DF603B0077EA84 /* norris-factsTests */ = {
			isa = PBXNativeTarget;
			buildConfigurationList = 46453D9F23DF603B0077EA84 /* Build configuration list for PBXNativeTarget "norris-factsTests" */;
			buildPhases = (
				46453D8423DF603B0077EA84 /* Sources */,
				46453D8523DF603B0077EA84 /* Frameworks */,
				46453D8623DF603B0077EA84 /* Resources */,
			);
			buildRules = (
			);
			dependencies = (
				46453D8A23DF603B0077EA84 /* PBXTargetDependency */,
			);
			name = "norris-factsTests";
			productName = "norris-factsTests";
			productReference = 46453D8823DF603B0077EA84 /* norris-factsTests.xctest */;
			productType = "com.apple.product-type.bundle.unit-test";
		};
		46453D9223DF603B0077EA84 /* norris-factsUITests */ = {
			isa = PBXNativeTarget;
			buildConfigurationList = 46453DA223DF603B0077EA84 /* Build configuration list for PBXNativeTarget "norris-factsUITests" */;
			buildPhases = (
				46453D8F23DF603B0077EA84 /* Sources */,
				46453D9023DF603B0077EA84 /* Frameworks */,
				46453D9123DF603B0077EA84 /* Resources */,
			);
			buildRules = (
			);
			dependencies = (
				46453D9523DF603B0077EA84 /* PBXTargetDependency */,
			);
			name = "norris-factsUITests";
			productName = "norris-factsUITests";
			productReference = 46453D9323DF603B0077EA84 /* norris-factsUITests.xctest */;
			productType = "com.apple.product-type.bundle.ui-testing";
		};
/* End PBXNativeTarget section */

/* Begin PBXProject section */
		46453D6A23DF60390077EA84 /* Project object */ = {
			isa = PBXProject;
			attributes = {
				LastSwiftUpdateCheck = 1120;
				LastUpgradeCheck = 1120;
				ORGANIZATIONNAME = "Carlos Henrique Antunes";
				TargetAttributes = {
					46453D7123DF60390077EA84 = {
						CreatedOnToolsVersion = 11.2;
					};
					46453D8723DF603B0077EA84 = {
						CreatedOnToolsVersion = 11.2;
						TestTargetID = 46453D7123DF60390077EA84;
					};
					46453D9223DF603B0077EA84 = {
						CreatedOnToolsVersion = 11.2;
						TestTargetID = 46453D7123DF60390077EA84;
					};
				};
			};
			buildConfigurationList = 46453D6D23DF60390077EA84 /* Build configuration list for PBXProject "norris-facts" */;
			compatibilityVersion = "Xcode 9.3";
			developmentRegion = en;
			hasScannedForEncodings = 0;
			knownRegions = (
				en,
				Base,
			);
			mainGroup = 46453D6923DF60390077EA84;
			productRefGroup = 46453D7323DF60390077EA84 /* Products */;
			projectDirPath = "";
			projectRoot = "";
			targets = (
				46453D7123DF60390077EA84 /* norris-facts */,
				46453D8723DF603B0077EA84 /* norris-factsTests */,
				46453D9223DF603B0077EA84 /* norris-factsUITests */,
			);
		};
/* End PBXProject section */

/* Begin PBXResourcesBuildPhase section */
		46453D7023DF60390077EA84 /* Resources */ = {
			isa = PBXResourcesBuildPhase;
			buildActionMask = 2147483647;
			files = (
				46A7E23523EC53330064AC3A /* SuggestionCollectionViewCell.xib in Resources */,
				46A7E23923EC53CB0064AC3A /* PastSearchTableViewCell.xib in Resources */,
				4659403523E35D14007E7B88 /* FactItemTableViewCell.xib in Resources */,
				46453D8223DF603B0077EA84 /* LaunchScreen.storyboard in Resources */,
				46453DDE23E06DD30077EA84 /* FactsSearchViewController.xib in Resources */,
				46453D7F23DF603B0077EA84 /* Assets.xcassets in Resources */,
				46453DD423DF7DED0077EA84 /* FactsListTableViewController.xib in Resources */,
			);
			runOnlyForDeploymentPostprocessing = 0;
		};
		46453D8623DF603B0077EA84 /* Resources */ = {
			isa = PBXResourcesBuildPhase;
			buildActionMask = 2147483647;
			files = (
			);
			runOnlyForDeploymentPostprocessing = 0;
		};
		46453D9123DF603B0077EA84 /* Resources */ = {
			isa = PBXResourcesBuildPhase;
			buildActionMask = 2147483647;
			files = (
			);
			runOnlyForDeploymentPostprocessing = 0;
		};
/* End PBXResourcesBuildPhase section */

/* Begin PBXSourcesBuildPhase section */
		46453D6E23DF60390077EA84 /* Sources */ = {
			isa = PBXSourcesBuildPhase;
			buildActionMask = 2147483647;
			files = (
				46453DD323DF7DED0077EA84 /* FactsListTableViewController.swift in Sources */,
				46453DC623DF76EE0077EA84 /* ApiClient.swift in Sources */,
				46453DCC23DF78400077EA84 /* FactsApiRequest.swift in Sources */,
				46453DB923DF6CAF0077EA84 /* FactsGateway.swift in Sources */,
				46A7E22F23EC50D10064AC3A /* SuggestionsCollectionView.swift in Sources */,
				46453DCE23DF7B300077EA84 /* Result.swift in Sources */,
				46453DBB23DF6CCF0077EA84 /* DisplayFacts.swift in Sources */,
				46453DC823DF77350077EA84 /* Dictionary.swift in Sources */,
				466585F02416845700374894 /* ApiFactsGatewayCoreData.swift in Sources */,
				46453DDA23E06DAF0077EA84 /* FactsListRouter.swift in Sources */,
				46453DD623E06D7A0077EA84 /* FactsListPresenter.swift in Sources */,
				46453D7623DF60390077EA84 /* AppDelegate.swift in Sources */,
				46453DE223E06DFA0077EA84 /* FactsSearchRouter.swift in Sources */,
				46A7E23823EC53CB0064AC3A /* PastSearchTableViewCell.swift in Sources */,
				46453D7823DF60390077EA84 /* SceneDelegate.swift in Sources */,
				46453DC023DF762C0077EA84 /* ApiFactsGateway.swift in Sources */,
				46453DC223DF76D50077EA84 /* ApiResponse.swift in Sources */,
				46A769A323EB4A1D00167F73 /* ApiFactResponse.swift in Sources */,
				46A7E22D23EC50BC0064AC3A /* PastSearchesTableView.swift in Sources */,
				46453DCA23DF773C0077EA84 /* Array.swift in Sources */,
				46453DBE23DF74EC0077EA84 /* ApiFact.swift in Sources */,
				46A814682412EE370060B3C0 /* norrisFactsModel.xcdatamodeld in Sources */,
				46453DE023E06DE60077EA84 /* FactsSearchPresenter.swift in Sources */,
				46453DE423E06E060077EA84 /* FactsSearchConfigurator.swift in Sources */,
				46453DDD23E06DD30077EA84 /* FactsSearchViewController.swift in Sources */,
				46A7E23423EC53330064AC3A /* SuggestionCollectionViewCell.swift in Sources */,
				46453DB723DF6C900077EA84 /* Fact.swift in Sources */,
				46453DD823E06DA50077EA84 /* FactsListConfigurator.swift in Sources */,
				4659403423E35D14007E7B88 /* FactItemTableViewCell.swift in Sources */,
			);
			runOnlyForDeploymentPostprocessing = 0;
		};
		46453D8423DF603B0077EA84 /* Sources */ = {
			isa = PBXSourcesBuildPhase;
			buildActionMask = 2147483647;
			files = (
				46A7E22923EC37F20064AC3A /* FactsListTests.swift in Sources */,
				46A769A523EB508D00167F73 /* ProviderTests.swift in Sources */,
				46A769A123EB3C6600167F73 /* CoreTests.swift in Sources */,
				46453D8D23DF603B0077EA84 /* norris_factsTests.swift in Sources */,
				46A769A823EB573100167F73 /* ExtensionsTests.swift in Sources */,
			);
			runOnlyForDeploymentPostprocessing = 0;
		};
		46453D8F23DF603B0077EA84 /* Sources */ = {
			isa = PBXSourcesBuildPhase;
			buildActionMask = 2147483647;
			files = (
				46453D9823DF603B0077EA84 /* norris_factsUITests.swift in Sources */,
			);
			runOnlyForDeploymentPostprocessing = 0;
		};
/* End PBXSourcesBuildPhase section */

/* Begin PBXTargetDependency section */
		46453D8A23DF603B0077EA84 /* PBXTargetDependency */ = {
			isa = PBXTargetDependency;
			target = 46453D7123DF60390077EA84 /* norris-facts */;
			targetProxy = 46453D8923DF603B0077EA84 /* PBXContainerItemProxy */;
		};
		46453D9523DF603B0077EA84 /* PBXTargetDependency */ = {
			isa = PBXTargetDependency;
			target = 46453D7123DF60390077EA84 /* norris-facts */;
			targetProxy = 46453D9423DF603B0077EA84 /* PBXContainerItemProxy */;
		};
/* End PBXTargetDependency section */

/* Begin PBXVariantGroup section */
		46453D8023DF603B0077EA84 /* LaunchScreen.storyboard */ = {
			isa = PBXVariantGroup;
			children = (
				46453D8123DF603B0077EA84 /* Base */,
			);
			name = LaunchScreen.storyboard;
			sourceTree = "<group>";
		};
/* End PBXVariantGroup section */

/* Begin XCBuildConfiguration section */
		46453D9A23DF603B0077EA84 /* Debug */ = {
			isa = XCBuildConfiguration;
			buildSettings = {
				ALWAYS_SEARCH_USER_PATHS = NO;
				CLANG_ANALYZER_NONNULL = YES;
				CLANG_ANALYZER_NUMBER_OBJECT_CONVERSION = YES_AGGRESSIVE;
				CLANG_CXX_LANGUAGE_STANDARD = "gnu++14";
				CLANG_CXX_LIBRARY = "libc++";
				CLANG_ENABLE_MODULES = YES;
				CLANG_ENABLE_OBJC_ARC = YES;
				CLANG_ENABLE_OBJC_WEAK = YES;
				CLANG_WARN_BLOCK_CAPTURE_AUTORELEASING = YES;
				CLANG_WARN_BOOL_CONVERSION = YES;
				CLANG_WARN_COMMA = YES;
				CLANG_WARN_CONSTANT_CONVERSION = YES;
				CLANG_WARN_DEPRECATED_OBJC_IMPLEMENTATIONS = YES;
				CLANG_WARN_DIRECT_OBJC_ISA_USAGE = YES_ERROR;
				CLANG_WARN_DOCUMENTATION_COMMENTS = YES;
				CLANG_WARN_EMPTY_BODY = YES;
				CLANG_WARN_ENUM_CONVERSION = YES;
				CLANG_WARN_INFINITE_RECURSION = YES;
				CLANG_WARN_INT_CONVERSION = YES;
				CLANG_WARN_NON_LITERAL_NULL_CONVERSION = YES;
				CLANG_WARN_OBJC_IMPLICIT_RETAIN_SELF = YES;
				CLANG_WARN_OBJC_LITERAL_CONVERSION = YES;
				CLANG_WARN_OBJC_ROOT_CLASS = YES_ERROR;
				CLANG_WARN_RANGE_LOOP_ANALYSIS = YES;
				CLANG_WARN_STRICT_PROTOTYPES = YES;
				CLANG_WARN_SUSPICIOUS_MOVE = YES;
				CLANG_WARN_UNGUARDED_AVAILABILITY = YES_AGGRESSIVE;
				CLANG_WARN_UNREACHABLE_CODE = YES;
				CLANG_WARN__DUPLICATE_METHOD_MATCH = YES;
				COPY_PHASE_STRIP = NO;
				DEBUG_INFORMATION_FORMAT = dwarf;
				ENABLE_STRICT_OBJC_MSGSEND = YES;
				ENABLE_TESTABILITY = YES;
				GCC_C_LANGUAGE_STANDARD = gnu11;
				GCC_DYNAMIC_NO_PIC = NO;
				GCC_NO_COMMON_BLOCKS = YES;
				GCC_OPTIMIZATION_LEVEL = 0;
				GCC_PREPROCESSOR_DEFINITIONS = (
					"DEBUG=1",
					"$(inherited)",
				);
				GCC_WARN_64_TO_32_BIT_CONVERSION = YES;
				GCC_WARN_ABOUT_RETURN_TYPE = YES_ERROR;
				GCC_WARN_UNDECLARED_SELECTOR = YES;
				GCC_WARN_UNINITIALIZED_AUTOS = YES_AGGRESSIVE;
				GCC_WARN_UNUSED_FUNCTION = YES;
				GCC_WARN_UNUSED_VARIABLE = YES;
				IPHONEOS_DEPLOYMENT_TARGET = 13.2;
				MTL_ENABLE_DEBUG_INFO = INCLUDE_SOURCE;
				MTL_FAST_MATH = YES;
				ONLY_ACTIVE_ARCH = YES;
				SDKROOT = iphoneos;
				SWIFT_ACTIVE_COMPILATION_CONDITIONS = DEBUG;
				SWIFT_OPTIMIZATION_LEVEL = "-Onone";
			};
			name = Debug;
		};
		46453D9B23DF603B0077EA84 /* Release */ = {
			isa = XCBuildConfiguration;
			buildSettings = {
				ALWAYS_SEARCH_USER_PATHS = NO;
				CLANG_ANALYZER_NONNULL = YES;
				CLANG_ANALYZER_NUMBER_OBJECT_CONVERSION = YES_AGGRESSIVE;
				CLANG_CXX_LANGUAGE_STANDARD = "gnu++14";
				CLANG_CXX_LIBRARY = "libc++";
				CLANG_ENABLE_MODULES = YES;
				CLANG_ENABLE_OBJC_ARC = YES;
				CLANG_ENABLE_OBJC_WEAK = YES;
				CLANG_WARN_BLOCK_CAPTURE_AUTORELEASING = YES;
				CLANG_WARN_BOOL_CONVERSION = YES;
				CLANG_WARN_COMMA = YES;
				CLANG_WARN_CONSTANT_CONVERSION = YES;
				CLANG_WARN_DEPRECATED_OBJC_IMPLEMENTATIONS = YES;
				CLANG_WARN_DIRECT_OBJC_ISA_USAGE = YES_ERROR;
				CLANG_WARN_DOCUMENTATION_COMMENTS = YES;
				CLANG_WARN_EMPTY_BODY = YES;
				CLANG_WARN_ENUM_CONVERSION = YES;
				CLANG_WARN_INFINITE_RECURSION = YES;
				CLANG_WARN_INT_CONVERSION = YES;
				CLANG_WARN_NON_LITERAL_NULL_CONVERSION = YES;
				CLANG_WARN_OBJC_IMPLICIT_RETAIN_SELF = YES;
				CLANG_WARN_OBJC_LITERAL_CONVERSION = YES;
				CLANG_WARN_OBJC_ROOT_CLASS = YES_ERROR;
				CLANG_WARN_RANGE_LOOP_ANALYSIS = YES;
				CLANG_WARN_STRICT_PROTOTYPES = YES;
				CLANG_WARN_SUSPICIOUS_MOVE = YES;
				CLANG_WARN_UNGUARDED_AVAILABILITY = YES_AGGRESSIVE;
				CLANG_WARN_UNREACHABLE_CODE = YES;
				CLANG_WARN__DUPLICATE_METHOD_MATCH = YES;
				COPY_PHASE_STRIP = NO;
				DEBUG_INFORMATION_FORMAT = "dwarf-with-dsym";
				ENABLE_NS_ASSERTIONS = NO;
				ENABLE_STRICT_OBJC_MSGSEND = YES;
				GCC_C_LANGUAGE_STANDARD = gnu11;
				GCC_NO_COMMON_BLOCKS = YES;
				GCC_WARN_64_TO_32_BIT_CONVERSION = YES;
				GCC_WARN_ABOUT_RETURN_TYPE = YES_ERROR;
				GCC_WARN_UNDECLARED_SELECTOR = YES;
				GCC_WARN_UNINITIALIZED_AUTOS = YES_AGGRESSIVE;
				GCC_WARN_UNUSED_FUNCTION = YES;
				GCC_WARN_UNUSED_VARIABLE = YES;
				IPHONEOS_DEPLOYMENT_TARGET = 13.2;
				MTL_ENABLE_DEBUG_INFO = NO;
				MTL_FAST_MATH = YES;
				SDKROOT = iphoneos;
				SWIFT_COMPILATION_MODE = wholemodule;
				SWIFT_OPTIMIZATION_LEVEL = "-O";
				VALIDATE_PRODUCT = YES;
			};
			name = Release;
		};
		46453D9D23DF603B0077EA84 /* Debug */ = {
			isa = XCBuildConfiguration;
			buildSettings = {
				ASSETCATALOG_COMPILER_APPICON_NAME = AppIcon;
				CODE_SIGN_STYLE = Automatic;
				DEVELOPMENT_TEAM = XA5ZY8ZH24;
				INFOPLIST_FILE = "norris-facts/Info.plist";
				LD_RUNPATH_SEARCH_PATHS = (
					"$(inherited)",
					"@executable_path/Frameworks",
				);
				PRODUCT_BUNDLE_IDENTIFIER = "carloschfa.norris-facts";
				PRODUCT_NAME = "$(TARGET_NAME)";
				SWIFT_VERSION = 5.0;
				TARGETED_DEVICE_FAMILY = "1,2";
			};
			name = Debug;
		};
		46453D9E23DF603B0077EA84 /* Release */ = {
			isa = XCBuildConfiguration;
			buildSettings = {
				ASSETCATALOG_COMPILER_APPICON_NAME = AppIcon;
				CODE_SIGN_STYLE = Automatic;
				DEVELOPMENT_TEAM = XA5ZY8ZH24;
				INFOPLIST_FILE = "norris-facts/Info.plist";
				LD_RUNPATH_SEARCH_PATHS = (
					"$(inherited)",
					"@executable_path/Frameworks",
				);
				PRODUCT_BUNDLE_IDENTIFIER = "carloschfa.norris-facts";
				PRODUCT_NAME = "$(TARGET_NAME)";
				SWIFT_VERSION = 5.0;
				TARGETED_DEVICE_FAMILY = "1,2";
			};
			name = Release;
		};
		46453DA023DF603B0077EA84 /* Debug */ = {
			isa = XCBuildConfiguration;
			buildSettings = {
				ALWAYS_EMBED_SWIFT_STANDARD_LIBRARIES = YES;
				BUNDLE_LOADER = "$(TEST_HOST)";
				CODE_SIGN_STYLE = Automatic;
				DEVELOPMENT_TEAM = XA5ZY8ZH24;
				INFOPLIST_FILE = "norris-factsTests/Info.plist";
				IPHONEOS_DEPLOYMENT_TARGET = 13.2;
				LD_RUNPATH_SEARCH_PATHS = (
					"$(inherited)",
					"@executable_path/Frameworks",
					"@loader_path/Frameworks",
				);
				PRODUCT_BUNDLE_IDENTIFIER = "carloschfa.norris-factsTests";
				PRODUCT_NAME = "$(TARGET_NAME)";
				SWIFT_VERSION = 5.0;
				TARGETED_DEVICE_FAMILY = "1,2";
				TEST_HOST = "$(BUILT_PRODUCTS_DIR)/norris-facts.app/norris-facts";
			};
			name = Debug;
		};
		46453DA123DF603B0077EA84 /* Release */ = {
			isa = XCBuildConfiguration;
			buildSettings = {
				ALWAYS_EMBED_SWIFT_STANDARD_LIBRARIES = YES;
				BUNDLE_LOADER = "$(TEST_HOST)";
				CODE_SIGN_STYLE = Automatic;
				DEVELOPMENT_TEAM = XA5ZY8ZH24;
				INFOPLIST_FILE = "norris-factsTests/Info.plist";
				IPHONEOS_DEPLOYMENT_TARGET = 13.2;
				LD_RUNPATH_SEARCH_PATHS = (
					"$(inherited)",
					"@executable_path/Frameworks",
					"@loader_path/Frameworks",
				);
				PRODUCT_BUNDLE_IDENTIFIER = "carloschfa.norris-factsTests";
				PRODUCT_NAME = "$(TARGET_NAME)";
				SWIFT_VERSION = 5.0;
				TARGETED_DEVICE_FAMILY = "1,2";
				TEST_HOST = "$(BUILT_PRODUCTS_DIR)/norris-facts.app/norris-facts";
			};
			name = Release;
		};
		46453DA323DF603B0077EA84 /* Debug */ = {
			isa = XCBuildConfiguration;
			buildSettings = {
				ALWAYS_EMBED_SWIFT_STANDARD_LIBRARIES = YES;
				CODE_SIGN_STYLE = Automatic;
				DEVELOPMENT_TEAM = XA5ZY8ZH24;
				INFOPLIST_FILE = "norris-factsUITests/Info.plist";
				LD_RUNPATH_SEARCH_PATHS = (
					"$(inherited)",
					"@executable_path/Frameworks",
					"@loader_path/Frameworks",
				);
				PRODUCT_BUNDLE_IDENTIFIER = "carloschfa.norris-factsUITests";
				PRODUCT_NAME = "$(TARGET_NAME)";
				SWIFT_VERSION = 5.0;
				TARGETED_DEVICE_FAMILY = "1,2";
				TEST_TARGET_NAME = "norris-facts";
			};
			name = Debug;
		};
		46453DA423DF603B0077EA84 /* Release */ = {
			isa = XCBuildConfiguration;
			buildSettings = {
				ALWAYS_EMBED_SWIFT_STANDARD_LIBRARIES = YES;
				CODE_SIGN_STYLE = Automatic;
				DEVELOPMENT_TEAM = XA5ZY8ZH24;
				INFOPLIST_FILE = "norris-factsUITests/Info.plist";
				LD_RUNPATH_SEARCH_PATHS = (
					"$(inherited)",
					"@executable_path/Frameworks",
					"@loader_path/Frameworks",
				);
				PRODUCT_BUNDLE_IDENTIFIER = "carloschfa.norris-factsUITests";
				PRODUCT_NAME = "$(TARGET_NAME)";
				SWIFT_VERSION = 5.0;
				TARGETED_DEVICE_FAMILY = "1,2";
				TEST_TARGET_NAME = "norris-facts";
			};
			name = Release;
		};
/* End XCBuildConfiguration section */

/* Begin XCConfigurationList section */
		46453D6D23DF60390077EA84 /* Build configuration list for PBXProject "norris-facts" */ = {
			isa = XCConfigurationList;
			buildConfigurations = (
				46453D9A23DF603B0077EA84 /* Debug */,
				46453D9B23DF603B0077EA84 /* Release */,
			);
			defaultConfigurationIsVisible = 0;
			defaultConfigurationName = Release;
		};
		46453D9C23DF603B0077EA84 /* Build configuration list for PBXNativeTarget "norris-facts" */ = {
			isa = XCConfigurationList;
			buildConfigurations = (
				46453D9D23DF603B0077EA84 /* Debug */,
				46453D9E23DF603B0077EA84 /* Release */,
			);
			defaultConfigurationIsVisible = 0;
			defaultConfigurationName = Release;
		};
		46453D9F23DF603B0077EA84 /* Build configuration list for PBXNativeTarget "norris-factsTests" */ = {
			isa = XCConfigurationList;
			buildConfigurations = (
				46453DA023DF603B0077EA84 /* Debug */,
				46453DA123DF603B0077EA84 /* Release */,
			);
			defaultConfigurationIsVisible = 0;
			defaultConfigurationName = Release;
		};
		46453DA223DF603B0077EA84 /* Build configuration list for PBXNativeTarget "norris-factsUITests" */ = {
			isa = XCConfigurationList;
			buildConfigurations = (
				46453DA323DF603B0077EA84 /* Debug */,
				46453DA423DF603B0077EA84 /* Release */,
			);
			defaultConfigurationIsVisible = 0;
			defaultConfigurationName = Release;
		};
/* End XCConfigurationList section */

/* Begin XCVersionGroup section */
		46A814662412EE370060B3C0 /* norrisFactsModel.xcdatamodeld */ = {
			isa = XCVersionGroup;
			children = (
				46A814672412EE370060B3C0 /* norrisFactsModel.xcdatamodel */,
			);
			currentVersion = 46A814672412EE370060B3C0 /* norrisFactsModel.xcdatamodel */;
			path = norrisFactsModel.xcdatamodeld;
			sourceTree = "<group>";
			versionGroupType = wrapper.xcdatamodel;
		};
/* End XCVersionGroup section */
	};
	rootObject = 46453D6A23DF60390077EA84 /* Project object */;
}
